
Microsoft Visual Studio Solution File, Format Version 12.00
# Visual Studio Version 17
VisualStudioVersion = 17.5.002.0
MinimumVisualStudioVersion = 10.0.40219.1
Project("{2150E333-8FDC-42A3-9474-1A3956D46DE8}") = "handler", "handler", "{D2992286-27A9-4D09-AFC6-392D3F26CF5F}"
EndProject
Project("{9A19103F-16F7-4668-BE54-9A1E7A4F7556}") = "Polly", "src\handler\Polly\Polly.csproj", "{9E202E25-C63F-442A-8B7D-E073DFF00B12}"
EndProject
Project("{2150E333-8FDC-42A3-9474-1A3956D46DE8}") = "provider", "provider", "{1495381A-D19A-477B-8804-BB07DCF73EF3}"
EndProject
Project("{9A19103F-16F7-4668-BE54-9A1E7A4F7556}") = "SocketsHandlerProvider", "src\provider\SocketsHandlerProvider\SocketsHandlerProvider.csproj", "{5B77A1F5-ACD3-45C5-97DA-9FA0869DBC34}"
EndProject
Project("{9A19103F-16F7-4668-BE54-9A1E7A4F7556}") = "SocketsHandlerProvider.Abstractions", "src\provider\SocketsHandlerProvider.Abstractions\SocketsHandlerProvider.Abstractions.csproj", "{8A66DDCE-7726-4009-BBF8-DD55F04F95D4}"
EndProject
Project("{FAE04EC0-301F-11D3-BF4B-00C04F79EFBC}") = "Cache", "src\handler\Cache\Cache.csproj", "{CDB1ADA8-75C7-4862-9E34-5CEA847EBAE4}"
EndProject
Project("{FAE04EC0-301F-11D3-BF4B-00C04F79EFBC}") = "Header", "src\handler\Header\Header.csproj", "{FC276BC8-9144-433B-BA43-663F136DE054}"
EndProject
Global
	GlobalSection(SolutionConfigurationPlatforms) = preSolution
		Debug|Any CPU = Debug|Any CPU
		Release|Any CPU = Release|Any CPU
	EndGlobalSection
	GlobalSection(ProjectConfigurationPlatforms) = postSolution
		{9E202E25-C63F-442A-8B7D-E073DFF00B12}.Debug|Any CPU.ActiveCfg = Debug|Any CPU
		{9E202E25-C63F-442A-8B7D-E073DFF00B12}.Debug|Any CPU.Build.0 = Debug|Any CPU
		{9E202E25-C63F-442A-8B7D-E073DFF00B12}.Release|Any CPU.ActiveCfg = Release|Any CPU
		{9E202E25-C63F-442A-8B7D-E073DFF00B12}.Release|Any CPU.Build.0 = Release|Any CPU
		{5B77A1F5-ACD3-45C5-97DA-9FA0869DBC34}.Debug|Any CPU.ActiveCfg = Debug|Any CPU
		{5B77A1F5-ACD3-45C5-97DA-9FA0869DBC34}.Debug|Any CPU.Build.0 = Debug|Any CPU
		{5B77A1F5-ACD3-45C5-97DA-9FA0869DBC34}.Release|Any CPU.ActiveCfg = Release|Any CPU
		{5B77A1F5-ACD3-45C5-97DA-9FA0869DBC34}.Release|Any CPU.Build.0 = Release|Any CPU
		{8A66DDCE-7726-4009-BBF8-DD55F04F95D4}.Debug|Any CPU.ActiveCfg = Debug|Any CPU
		{8A66DDCE-7726-4009-BBF8-DD55F04F95D4}.Debug|Any CPU.Build.0 = Debug|Any CPU
		{8A66DDCE-7726-4009-BBF8-DD55F04F95D4}.Release|Any CPU.ActiveCfg = Release|Any CPU
		{8A66DDCE-7726-4009-BBF8-DD55F04F95D4}.Release|Any CPU.Build.0 = Release|Any CPU
		{CDB1ADA8-75C7-4862-9E34-5CEA847EBAE4}.Debug|Any CPU.ActiveCfg = Debug|Any CPU
		{CDB1ADA8-75C7-4862-9E34-5CEA847EBAE4}.Debug|Any CPU.Build.0 = Debug|Any CPU
		{CDB1ADA8-75C7-4862-9E34-5CEA847EBAE4}.Release|Any CPU.ActiveCfg = Release|Any CPU
		{CDB1ADA8-75C7-4862-9E34-5CEA847EBAE4}.Release|Any CPU.Build.0 = Release|Any CPU
		{FC276BC8-9144-433B-BA43-663F136DE054}.Debug|Any CPU.ActiveCfg = Debug|Any CPU
		{FC276BC8-9144-433B-BA43-663F136DE054}.Debug|Any CPU.Build.0 = Debug|Any CPU
		{FC276BC8-9144-433B-BA43-663F136DE054}.Release|Any CPU.ActiveCfg = Release|Any CPU
		{FC276BC8-9144-433B-BA43-663F136DE054}.Release|Any CPU.Build.0 = Release|Any CPU
	EndGlobalSection
	GlobalSection(SolutionProperties) = preSolution
		HideSolutionNode = FALSE
	EndGlobalSection
	GlobalSection(NestedProjects) = preSolution
		{9E202E25-C63F-442A-8B7D-E073DFF00B12} = {D2992286-27A9-4D09-AFC6-392D3F26CF5F}
		{5B77A1F5-ACD3-45C5-97DA-9FA0869DBC34} = {1495381A-D19A-477B-8804-BB07DCF73EF3}
		{8A66DDCE-7726-4009-BBF8-DD55F04F95D4} = {1495381A-D19A-477B-8804-BB07DCF73EF3}
		{CDB1ADA8-75C7-4862-9E34-5CEA847EBAE4} = {D2992286-27A9-4D09-AFC6-392D3F26CF5F}
		{FC276BC8-9144-433B-BA43-663F136DE054} = {D2992286-27A9-4D09-AFC6-392D3F26CF5F}
	EndGlobalSection
	GlobalSection(ExtensibilityGlobals) = postSolution
		SolutionGuid = {6D3D18F6-8DAA-4284-9F3C-6FC817E6FF44}
	EndGlobalSection
EndGlobal
